
Microsoft Visual Studio Solution File, Format Version 12.00
# Visual Studio 15
VisualStudioVersion = 15.0.27428.2037
MinimumVisualStudioVersion = 10.0.40219.1
Project("{FAE04EC0-301F-11D3-BF4B-00C04F79EFBC}") = "Decorator_professions", "Decorator_professions\Decorator_professions.csproj", "{274C0E20-263C-4E7F-84D5-1878CCEC20B6}"
EndProject
Global
	GlobalSection(SolutionConfigurationPlatforms) = preSolution
		Debug|Any CPU = Debug|Any CPU
		Release|Any CPU = Release|Any CPU
	EndGlobalSection
	GlobalSection(ProjectConfigurationPlatforms) = postSolution
		{274C0E20-263C-4E7F-84D5-1878CCEC20B6}.Debug|Any CPU.ActiveCfg = Debug|Any CPU
		{274C0E20-263C-4E7F-84D5-1878CCEC20B6}.Debug|Any CPU.Build.0 = Debug|Any CPU
		{274C0E20-263C-4E7F-84D5-1878CCEC20B6}.Release|Any CPU.ActiveCfg = Release|Any CPU
		{274C0E20-263C-4E7F-84D5-1878CCEC20B6}.Release|Any CPU.Build.0 = Release|Any CPU
	EndGlobalSection
	GlobalSection(SolutionProperties) = preSolution
		HideSolutionNode = FALSE
	EndGlobalSection
	GlobalSection(ExtensibilityGlobals) = postSolution
		SolutionGuid = {765E1462-04E9-454C-8DF6-BF5EE62E96B6}
	EndGlobalSection
EndGlobal
